
Microsoft Visual Studio Solution File, Format Version 12.00
# Visual Studio Version 16
VisualStudioVersion = 16.0.31321.278
MinimumVisualStudioVersion = 10.0.40219.1
Project("{FAE04EC0-301F-11D3-BF4B-00C04F79EFBC}") = "Exam_OOP", "Exam_OOP\Exam_OOP.csproj", "{1D571C4F-42B0-4E54-8B11-A93A1FE6F2DC}"
EndProject
Global
	GlobalSection(SolutionConfigurationPlatforms) = preSolution
		Debug|Any CPU = Debug|Any CPU
		Release|Any CPU = Release|Any CPU
	EndGlobalSection
	GlobalSection(ProjectConfigurationPlatforms) = postSolution
		{1D571C4F-42B0-4E54-8B11-A93A1FE6F2DC}.Debug|Any CPU.ActiveCfg = Debug|Any CPU
		{1D571C4F-42B0-4E54-8B11-A93A1FE6F2DC}.Debug|Any CPU.Build.0 = Debug|Any CPU
		{1D571C4F-42B0-4E54-8B11-A93A1FE6F2DC}.Release|Any CPU.ActiveCfg = Release|Any CPU
		{1D571C4F-42B0-4E54-8B11-A93A1FE6F2DC}.Release|Any CPU.Build.0 = Release|Any CPU
	EndGlobalSection
	GlobalSection(SolutionProperties) = preSolution
		HideSolutionNode = FALSE
	EndGlobalSection
	GlobalSection(ExtensibilityGlobals) = postSolution
		SolutionGuid = {8699E402-B761-481F-A450-D5087DA882E7}
	EndGlobalSection
EndGlobal
